
Microsoft Visual Studio Solution File, Format Version 12.00
# Visual Studio 2013
VisualStudioVersion = 12.0.30723.0
MinimumVisualStudioVersion = 10.0.40219.1
Project("{FAE04EC0-301F-11D3-BF4B-00C04F79EFBC}") = "Dysputeka.Web", "Dysputeka.Web\Dysputeka.Web.csproj", "{1CA4E88A-038E-465C-824A-401F79D86B87}"
EndProject
Project("{FAE04EC0-301F-11D3-BF4B-00C04F79EFBC}") = "Dysputeka.Core", "Dysputeka.Core\Dysputeka.Core.csproj", "{16BBBBDF-EF75-4F81-9645-305DE0E8DF3A}"
EndProject
Global
	GlobalSection(SolutionConfigurationPlatforms) = preSolution
		Debug|Any CPU = Debug|Any CPU
		Release|Any CPU = Release|Any CPU
	EndGlobalSection
	GlobalSection(ProjectConfigurationPlatforms) = postSolution
		{1CA4E88A-038E-465C-824A-401F79D86B87}.Debug|Any CPU.ActiveCfg = Debug|Any CPU
		{1CA4E88A-038E-465C-824A-401F79D86B87}.Debug|Any CPU.Build.0 = Debug|Any CPU
		{1CA4E88A-038E-465C-824A-401F79D86B87}.Release|Any CPU.ActiveCfg = Release|Any CPU
		{1CA4E88A-038E-465C-824A-401F79D86B87}.Release|Any CPU.Build.0 = Release|Any CPU
		{16BBBBDF-EF75-4F81-9645-305DE0E8DF3A}.Debug|Any CPU.ActiveCfg = Debug|Any CPU
		{16BBBBDF-EF75-4F81-9645-305DE0E8DF3A}.Debug|Any CPU.Build.0 = Debug|Any CPU
		{16BBBBDF-EF75-4F81-9645-305DE0E8DF3A}.Release|Any CPU.ActiveCfg = Release|Any CPU
		{16BBBBDF-EF75-4F81-9645-305DE0E8DF3A}.Release|Any CPU.Build.0 = Release|Any CPU
	EndGlobalSection
	GlobalSection(SolutionProperties) = preSolution
		HideSolutionNode = FALSE
	EndGlobalSection
EndGlobal
